
Microsoft Visual Studio Solution File, Format Version 12.00
# Visual Studio Version 16
VisualStudioVersion = 16.0.29613.14
MinimumVisualStudioVersion = 10.0.40219.1
Project("{FAE04EC0-301F-11D3-BF4B-00C04F79EFBC}") = "quizWPF", "quizWPF.csproj", "{20DDFDAA-572F-40BC-89BA-6311CF9311AA}"
EndProject
Project("{FAE04EC0-301F-11D3-BF4B-00C04F79EFBC}") = "DBServerClient", "..\DBServerClient\DBServerClient.csproj", "{2A7FC744-DFB2-47D6-B450-EFCDA7D26961}"
EndProject
Global
	GlobalSection(SolutionConfigurationPlatforms) = preSolution
		Debug|Any CPU = Debug|Any CPU
		Debug|x86 = Debug|x86
		Release|Any CPU = Release|Any CPU
		Release|x86 = Release|x86
	EndGlobalSection
	GlobalSection(ProjectConfigurationPlatforms) = postSolution
		{20DDFDAA-572F-40BC-89BA-6311CF9311AA}.Debug|Any CPU.ActiveCfg = Debug|Any CPU
		{20DDFDAA-572F-40BC-89BA-6311CF9311AA}.Debug|Any CPU.Build.0 = Debug|Any CPU
		{20DDFDAA-572F-40BC-89BA-6311CF9311AA}.Debug|x86.ActiveCfg = Debug|x86
		{20DDFDAA-572F-40BC-89BA-6311CF9311AA}.Debug|x86.Build.0 = Debug|x86
		{20DDFDAA-572F-40BC-89BA-6311CF9311AA}.Release|Any CPU.ActiveCfg = Release|Any CPU
		{20DDFDAA-572F-40BC-89BA-6311CF9311AA}.Release|Any CPU.Build.0 = Release|Any CPU
		{20DDFDAA-572F-40BC-89BA-6311CF9311AA}.Release|x86.ActiveCfg = Release|x86
		{20DDFDAA-572F-40BC-89BA-6311CF9311AA}.Release|x86.Build.0 = Release|x86
		{2A7FC744-DFB2-47D6-B450-EFCDA7D26961}.Debug|Any CPU.ActiveCfg = Debug|Any CPU
		{2A7FC744-DFB2-47D6-B450-EFCDA7D26961}.Debug|Any CPU.Build.0 = Debug|Any CPU
		{2A7FC744-DFB2-47D6-B450-EFCDA7D26961}.Debug|x86.ActiveCfg = Debug|Any CPU
		{2A7FC744-DFB2-47D6-B450-EFCDA7D26961}.Debug|x86.Build.0 = Debug|Any CPU
		{2A7FC744-DFB2-47D6-B450-EFCDA7D26961}.Release|Any CPU.ActiveCfg = Release|Any CPU
		{2A7FC744-DFB2-47D6-B450-EFCDA7D26961}.Release|Any CPU.Build.0 = Release|Any CPU
		{2A7FC744-DFB2-47D6-B450-EFCDA7D26961}.Release|x86.ActiveCfg = Release|Any CPU
		{2A7FC744-DFB2-47D6-B450-EFCDA7D26961}.Release|x86.Build.0 = Release|Any CPU
	EndGlobalSection
	GlobalSection(SolutionProperties) = preSolution
		HideSolutionNode = FALSE
	EndGlobalSection
	GlobalSection(ExtensibilityGlobals) = postSolution
		SolutionGuid = {31A105E7-941F-4DAD-AB39-0380C3CF524C}
	EndGlobalSection
EndGlobal
